
Microsoft Visual Studio Solution File, Format Version 12.00
# Visual Studio 15
VisualStudioVersion = 15.0.27703.2047
MinimumVisualStudioVersion = 10.0.40219.1
Project("{9A19103F-16F7-4668-BE54-9A1E7A4F7556}") = "IS4", "IS4\IS4.csproj", "{62A4CDFB-F333-465D-B991-93FBE517B0A5}"
EndProject
Project("{FAE04EC0-301F-11D3-BF4B-00C04F79EFBC}") = "IS4_API", "IS4_API\IS4_API.csproj", "{E372561D-66CA-4804-BCF0-F37B26821548}"
EndProject
Global
	GlobalSection(SolutionConfigurationPlatforms) = preSolution
		Debug|Any CPU = Debug|Any CPU
		Release|Any CPU = Release|Any CPU
	EndGlobalSection
	GlobalSection(ProjectConfigurationPlatforms) = postSolution
		{62A4CDFB-F333-465D-B991-93FBE517B0A5}.Debug|Any CPU.ActiveCfg = Debug|Any CPU
		{62A4CDFB-F333-465D-B991-93FBE517B0A5}.Debug|Any CPU.Build.0 = Debug|Any CPU
		{62A4CDFB-F333-465D-B991-93FBE517B0A5}.Release|Any CPU.ActiveCfg = Release|Any CPU
		{62A4CDFB-F333-465D-B991-93FBE517B0A5}.Release|Any CPU.Build.0 = Release|Any CPU
		{E372561D-66CA-4804-BCF0-F37B26821548}.Debug|Any CPU.ActiveCfg = Debug|Any CPU
		{E372561D-66CA-4804-BCF0-F37B26821548}.Debug|Any CPU.Build.0 = Debug|Any CPU
		{E372561D-66CA-4804-BCF0-F37B26821548}.Release|Any CPU.ActiveCfg = Release|Any CPU
		{E372561D-66CA-4804-BCF0-F37B26821548}.Release|Any CPU.Build.0 = Release|Any CPU
	EndGlobalSection
	GlobalSection(SolutionProperties) = preSolution
		HideSolutionNode = FALSE
	EndGlobalSection
	GlobalSection(ExtensibilityGlobals) = postSolution
		SolutionGuid = {0AEBB6AF-4B14-4DB8-9FD7-707BF2627704}
	EndGlobalSection
EndGlobal
